
Microsoft Visual Studio Solution File, Format Version 12.00
# Visual Studio Version 16
VisualStudioVersion = 16.0.31410.357
MinimumVisualStudioVersion = 10.0.40219.1
Project("{8BC9CEB8-8B4A-11D0-8D11-00A0C91BC942}") = "HomeworkPlus3", "HomeworkPlus3.vcxproj", "{58258900-F634-4A5A-B651-33FA8F915A7D}"
EndProject
Global
	GlobalSection(SolutionConfigurationPlatforms) = preSolution
		Debug|x64 = Debug|x64
		Debug|x86 = Debug|x86
		Release|x64 = Release|x64
		Release|x86 = Release|x86
	EndGlobalSection
	GlobalSection(ProjectConfigurationPlatforms) = postSolution
		{58258900-F634-4A5A-B651-33FA8F915A7D}.Debug|x64.ActiveCfg = Debug|x64
		{58258900-F634-4A5A-B651-33FA8F915A7D}.Debug|x64.Build.0 = Debug|x64
		{58258900-F634-4A5A-B651-33FA8F915A7D}.Debug|x86.ActiveCfg = Debug|Win32
		{58258900-F634-4A5A-B651-33FA8F915A7D}.Debug|x86.Build.0 = Debug|Win32
		{58258900-F634-4A5A-B651-33FA8F915A7D}.Release|x64.ActiveCfg = Release|x64
		{58258900-F634-4A5A-B651-33FA8F915A7D}.Release|x64.Build.0 = Release|x64
		{58258900-F634-4A5A-B651-33FA8F915A7D}.Release|x86.ActiveCfg = Release|Win32
		{58258900-F634-4A5A-B651-33FA8F915A7D}.Release|x86.Build.0 = Release|Win32
	EndGlobalSection
	GlobalSection(SolutionProperties) = preSolution
		HideSolutionNode = FALSE
	EndGlobalSection
	GlobalSection(ExtensibilityGlobals) = postSolution
		SolutionGuid = {4068CBB1-DB63-4DF9-BA55-15801B301190}
	EndGlobalSection
EndGlobal
